
Microsoft Visual Studio Solution File, Format Version 12.00
# Visual Studio 14
VisualStudioVersion = 14.0.25420.1
MinimumVisualStudioVersion = 10.0.40219.1
Project("{FAE04EC0-301F-11D3-BF4B-00C04F79EFBC}") = "DAL", "DAL\DAL.csproj", "{7180073F-04E9-4456-AED2-3B18A5F624A0}"
EndProject
Project("{FAE04EC0-301F-11D3-BF4B-00C04F79EFBC}") = "BLL", "BLL\BLL.csproj", "{201766D9-D41D-41B6-909A-6C9D3B4939B0}"
EndProject
Project("{E24C65DC-7377-472B-9ABA-BC803B73C61A}") = "WEB", "WEB\", "{8C9BD0E7-2616-4550-BBC0-2551A6466F6A}"
	ProjectSection(WebsiteProperties) = preProject
		TargetFrameworkMoniker = ".NETFramework,Version%3Dv4.6.1"
		ProjectReferences = "{201766d9-d41d-41b6-909a-6c9d3b4939b0}|BLL.dll;{7180073F-04E9-4456-AED2-3B18A5F624A0}|DAL.dll;"
		Debug.AspNetCompiler.VirtualPath = "/localhost_48254"
		Debug.AspNetCompiler.PhysicalPath = "WEB\"
		Debug.AspNetCompiler.TargetPath = "PrecompiledWeb\localhost_48254\"
		Debug.AspNetCompiler.Updateable = "true"
		Debug.AspNetCompiler.ForceOverwrite = "true"
		Debug.AspNetCompiler.FixedNames = "false"
		Debug.AspNetCompiler.Debug = "True"
		Release.AspNetCompiler.VirtualPath = "/localhost_48254"
		Release.AspNetCompiler.PhysicalPath = "WEB\"
		Release.AspNetCompiler.TargetPath = "PrecompiledWeb\localhost_48254\"
		Release.AspNetCompiler.Updateable = "true"
		Release.AspNetCompiler.ForceOverwrite = "true"
		Release.AspNetCompiler.FixedNames = "false"
		Release.AspNetCompiler.Debug = "False"
		VWDPort = "48254"
		SlnRelativePath = "WEB\"
		DefaultWebSiteLanguage = "Visual C#"
	EndProjectSection
EndProject
Global
	GlobalSection(SolutionConfigurationPlatforms) = preSolution
		Debug|Any CPU = Debug|Any CPU
		Release|Any CPU = Release|Any CPU
	EndGlobalSection
	GlobalSection(ProjectConfigurationPlatforms) = postSolution
		{7180073F-04E9-4456-AED2-3B18A5F624A0}.Debug|Any CPU.ActiveCfg = Debug|Any CPU
		{7180073F-04E9-4456-AED2-3B18A5F624A0}.Debug|Any CPU.Build.0 = Debug|Any CPU
		{7180073F-04E9-4456-AED2-3B18A5F624A0}.Release|Any CPU.ActiveCfg = Release|Any CPU
		{7180073F-04E9-4456-AED2-3B18A5F624A0}.Release|Any CPU.Build.0 = Release|Any CPU
		{201766D9-D41D-41B6-909A-6C9D3B4939B0}.Debug|Any CPU.ActiveCfg = Debug|Any CPU
		{201766D9-D41D-41B6-909A-6C9D3B4939B0}.Debug|Any CPU.Build.0 = Debug|Any CPU
		{201766D9-D41D-41B6-909A-6C9D3B4939B0}.Release|Any CPU.ActiveCfg = Release|Any CPU
		{201766D9-D41D-41B6-909A-6C9D3B4939B0}.Release|Any CPU.Build.0 = Release|Any CPU
		{8C9BD0E7-2616-4550-BBC0-2551A6466F6A}.Debug|Any CPU.ActiveCfg = Debug|Any CPU
		{8C9BD0E7-2616-4550-BBC0-2551A6466F6A}.Debug|Any CPU.Build.0 = Debug|Any CPU
		{8C9BD0E7-2616-4550-BBC0-2551A6466F6A}.Release|Any CPU.ActiveCfg = Debug|Any CPU
		{8C9BD0E7-2616-4550-BBC0-2551A6466F6A}.Release|Any CPU.Build.0 = Debug|Any CPU
	EndGlobalSection
	GlobalSection(SolutionProperties) = preSolution
		HideSolutionNode = FALSE
	EndGlobalSection
EndGlobal
